
Microsoft Visual Studio Solution File, Format Version 12.00
# Visual Studio Version 16
VisualStudioVersion = 16.0.34931.43
MinimumVisualStudioVersion = 10.0.40219.1
Project("{F184B08F-C81C-45F6-A57F-5ABD9991F28F}") = "HTMLassign1", "WebApplication1\HTMLassign1.vbproj", "{7F6A31F8-1788-4992-9E4C-A2EFD2452F7E}"
EndProject
Global
	GlobalSection(SolutionConfigurationPlatforms) = preSolution
		Debug|Any CPU = Debug|Any CPU
		Release|Any CPU = Release|Any CPU
	EndGlobalSection
	GlobalSection(ProjectConfigurationPlatforms) = postSolution
		{7F6A31F8-1788-4992-9E4C-A2EFD2452F7E}.Debug|Any CPU.ActiveCfg = Debug|Any CPU
		{7F6A31F8-1788-4992-9E4C-A2EFD2452F7E}.Debug|Any CPU.Build.0 = Debug|Any CPU
		{7F6A31F8-1788-4992-9E4C-A2EFD2452F7E}.Release|Any CPU.ActiveCfg = Release|Any CPU
		{7F6A31F8-1788-4992-9E4C-A2EFD2452F7E}.Release|Any CPU.Build.0 = Release|Any CPU
	EndGlobalSection
	GlobalSection(SolutionProperties) = preSolution
		HideSolutionNode = FALSE
	EndGlobalSection
	GlobalSection(ExtensibilityGlobals) = postSolution
		SolutionGuid = {1B214B49-129E-489F-A557-65D3F299214F}
	EndGlobalSection
EndGlobal
